{
  "name": "@berrigan/ffmpeg",
  "version": "1.0.0",
  "lockfileVersion": 3,
  "requires": true,
  "packages": {
    "": {
      "name": "@berrigan/ffmpeg",
      "version": "1.0.0",
      "license": "ISC",
      "dependencies": {
        "7zip-min": "^3.0.1"
      }
    },
    "node_modules/7zip-bin": {
      "version": "5.1.1",
      "resolved": "https://registry.npmjs.org/7zip-bin/-/7zip-bin-5.1.1.tgz",
      "integrity": "sha512-sAP4LldeWNz0lNzmTird3uWfFDWWTeg6V/MsmyyLR9X1idwKBWIgt/ZvinqQldJm3LecKEs1emkbquO6PCiLVQ==",
      "license": "MIT"
    },
    "node_modules/7zip-min": {
      "version": "3.0.1",
      "resolved": "https://registry.npmjs.org/7zip-min/-/7zip-min-3.0.1.tgz",
      "integrity": "sha512-WB4VCA/KSKzxhj+BAp8fI3ZYMMAftclkXlUTckuiDacsqyubQxxG3lGcpBcgzWWuJqnfQncEq1xrJpPLSxqsxw==",
      "license": "MIT",
      "dependencies": {
        "7zip-bin": "5.1.1"
      }
    }
  }
}
